
Microsoft Visual Studio Solution File, Format Version 12.00
# Visual Studio Version 16
VisualStudioVersion = 16.0.29503.13
MinimumVisualStudioVersion = 10.0.40219.1
Project("{FAE04EC0-301F-11D3-BF4B-00C04F79EFBC}") = "GerenciamentoMemoria", "GerenciamentoMemoria\GerenciamentoMemoria.csproj", "{631CBF38-4040-4890-84EB-C415F02A59E9}"
EndProject
Global
	GlobalSection(SolutionConfigurationPlatforms) = preSolution
		Debug|Any CPU = Debug|Any CPU
		Release|Any CPU = Release|Any CPU
	EndGlobalSection
	GlobalSection(ProjectConfigurationPlatforms) = postSolution
		{631CBF38-4040-4890-84EB-C415F02A59E9}.Debug|Any CPU.ActiveCfg = Debug|Any CPU
		{631CBF38-4040-4890-84EB-C415F02A59E9}.Debug|Any CPU.Build.0 = Debug|Any CPU
		{631CBF38-4040-4890-84EB-C415F02A59E9}.Release|Any CPU.ActiveCfg = Release|Any CPU
		{631CBF38-4040-4890-84EB-C415F02A59E9}.Release|Any CPU.Build.0 = Release|Any CPU
	EndGlobalSection
	GlobalSection(SolutionProperties) = preSolution
		HideSolutionNode = FALSE
	EndGlobalSection
	GlobalSection(ExtensibilityGlobals) = postSolution
		SolutionGuid = {5A5370BF-6069-4B19-8BE4-CACD45A93D86}
	EndGlobalSection
EndGlobal
